// !$*UTF8*$!
{
	archiveVersion = 1;
	classes = {
	};
	objectVersion = 46;
	objects = {

/* Begin PBXBuildFile section */
		028E830719F33DC700D3E406 /* main.cpp in Sources */ = {isa = PBXBuildFile; fileRef = 028E830419F33DC700D3E406 /* main.cpp */; };
		028E830819F33DC700D3E406 /* README.md in Sources */ = {isa = PBXBuildFile; fileRef = 028E830619F33DC700D3E406 /* README.md */; };
/* End PBXBuildFile section */

/* Begin PBXCopyFilesBuildPhase section */
		028E82F619F33D3E00D3E406 /* CopyFiles */ = {
			isa = PBXCopyFilesBuildPhase;
			buildActionMask = 2147483647;
			dstPath = /usr/share/man/man1/;
			dstSubfolderSpec = 0;
			files = (
			);
			runOnlyForDeploymentPostprocessing = 1;
		};
/* End PBXCopyFilesBuildPhase section */

/* Begin PBXFileReference section */
		028E82F819F33D3E00D3E406 /* Lab03_Final */ = {isa = PBXFileReference; explicitFileType = "compiled.mach-o.executable"; includeInIndex = 0; path = Lab03_Final; sourceTree = BUILT_PRODUCTS_DIR; };
		028E830219F33DC700D3E406 /* ArrayQueue.h */ = {isa = PBXFileReference; fileEncoding = 4; lastKnownFileType = sourcecode.c.h; name = ArrayQueue.h; path = ../ArrayQueue.h; sourceTree = "<group>"; };
		028E830419F33DC700D3E406 /* main.cpp */ = {isa = PBXFileReference; fileEncoding = 4; lastKnownFileType = sourcecode.cpp.cpp; name = main.cpp; path = ../main.cpp; sourceTree = "<group>"; };
		028E830519F33DC700D3E406 /* Queue.h */ = {isa = PBXFileReference; fileEncoding = 4; lastKnownFileType = sourcecode.c.h; name = Queue.h; path = ../Queue.h; sourceTree = "<group>"; };
		028E830619F33DC700D3E406 /* README.md */ = {isa = PBXFileReference; fileEncoding = 4; lastKnownFileType = net.daringfireball.markdown; path = README.md; sourceTree = "<group>"; };
/* End PBXFileReference section */

/* Begin PBXFrameworksBuildPhase section */
		028E82F519F33D3E00D3E406 /* Frameworks */ = {
			isa = PBXFrameworksBuildPhase;
			buildActionMask = 2147483647;
			files = (
			);
			runOnlyForDeploymentPostprocessing = 0;
		};
/* End PBXFrameworksBuildPhase section */

/* Begin PBXGroup section */
		028E82EF19F33D3E00D3E406 = {
			isa = PBXGroup;
			children = (
				028E830619F33DC700D3E406 /* README.md */,
				028E82FA19F33D3E00D3E406 /* Lab03_Final */,
				028E82F919F33D3E00D3E406 /* Products */,
			);
			sourceTree = "<group>";
		};
		028E82F919F33D3E00D3E406 /* Products */ = {
			isa = PBXGroup;
			children = (
				028E82F819F33D3E00D3E406 /* Lab03_Final */,
			);
			name = Products;
			sourceTree = "<group>";
		};
		028E82FA19F33D3E00D3E406 /* Lab03_Final */ = {
			isa = PBXGroup;
			children = (
				028E830219F33DC700D3E406 /* ArrayQueue.h */,
				028E830419F33DC700D3E406 /* main.cpp */,
				028E830519F33DC700D3E406 /* Queue.h */,
			);
			path = Lab03_Final;
			sourceTree = "<group>";
		};
/* End PBXGroup section */

/* Begin PBXNativeTarget section */
		028E82F719F33D3E00D3E406 /* Lab03_Final */ = {
			isa = PBXNativeTarget;
			buildConfigurationList = 028E82FF19F33D3E00D3E406 /* Build configuration list for PBXNativeTarget "Lab03_Final" */;
			buildPhases = (
				028E82F419F33D3E00D3E406 /* Sources */,
				028E82F519F33D3E00D3E406 /* Frameworks */,
				028E82F619F33D3E00D3E406 /* CopyFiles */,
			);
			buildRules = (
			);
			dependencies = (
			);
			name = Lab03_Final;
			productName = Lab03_Final;
			productReference = 028E82F819F33D3E00D3E406 /* Lab03_Final */;
			productType = "com.apple.product-type.tool";
		};
/* End PBXNativeTarget section */

/* Begin PBXProject section */
		028E82F019F33D3E00D3E406 /* Project object */ = {
			isa = PBXProject;
			attributes = {
				LastUpgradeCheck = 0600;
				ORGANIZATIONNAME = "claybd@miamioh";
				TargetAttributes = {
					028E82F719F33D3E00D3E406 = {
						CreatedOnToolsVersion = 6.0.1;
					};
				};
			};
			buildConfigurationList = 028E82F319F33D3E00D3E406 /* Build configuration list for PBXProject "Lab03_Final" */;
			compatibilityVersion = "Xcode 3.2";
			developmentRegion = English;
			hasScannedForEncodings = 0;
			knownRegions = (
				en,
			);
			mainGroup = 028E82EF19F33D3E00D3E406;
			productRefGroup = 028E82F919F33D3E00D3E406 /* Products */;
			projectDirPath = "";
			projectRoot = "";
			targets = (
				028E82F719F33D3E00D3E406 /* Lab03_Final */,
			);
		};
/* End PBXProject section */

/* Begin PBXSourcesBuildPhase section */
		028E82F419F33D3E00D3E406 /* Sources */ = {
			isa = PBXSourcesBuildPhase;
			buildActionMask = 2147483647;
			files = (
				028E830819F33DC700D3E406 /* README.md in Sources */,
				028E830719F33DC700D3E406 /* main.cpp in Sources */,
			);
			runOnlyForDeploymentPostprocessing = 0;
		};
/* End PBXSourcesBuildPhase section */

/* Begin XCBuildConfiguration section */
		028E82FD19F33D3E00D3E406 /* Debug */ = {
			isa = XCBuildConfiguration;
			buildSettings = {
				ALWAYS_SEARCH_USER_PATHS = NO;
				CLANG_CXX_LANGUAGE_STANDARD = "gnu++0x";
				CLANG_CXX_LIBRARY = "libc++";
				CLANG_ENABLE_MODULES = YES;
				CLANG_ENABLE_OBJC_ARC = YES;
				CLANG_WARN_BOOL_CONVERSION = YES;
				CLANG_WARN_CONSTANT_CONVERSION = YES;
				CLANG_WARN_DIRECT_OBJC_ISA_USAGE = YES_ERROR;
				CLANG_WARN_EMPTY_BODY = YES;
				CLANG_WARN_ENUM_CONVERSION = YES;
				CLANG_WARN_INT_CONVERSION = YES;
				CLANG_WARN_OBJC_ROOT_CLASS = YES_ERROR;
				CLANG_WARN_UNREACHABLE_CODE = YES;
				CLANG_WARN__DUPLICATE_METHOD_MATCH = YES;
				COPY_PHASE_STRIP = NO;
				ENABLE_STRICT_OBJC_MSGSEND = YES;
				GCC_C_LANGUAGE_STANDARD = gnu99;
				GCC_DYNAMIC_NO_PIC = NO;
				GCC_OPTIMIZATION_LEVEL = 0;
				GCC_PREPROCESSOR_DEFINITIONS = (
					"DEBUG=1",
					"$(inherited)",
				);
				GCC_SYMBOLS_PRIVATE_EXTERN = NO;
				GCC_WARN_64_TO_32_BIT_CONVERSION = YES;
				GCC_WARN_ABOUT_RETURN_TYPE = YES_ERROR;
				GCC_WARN_UNDECLARED_SELECTOR = YES;
				GCC_WARN_UNINITIALIZED_AUTOS = YES_AGGRESSIVE;
				GCC_WARN_UNUSED_FUNCTION = YES;
				GCC_WARN_UNUSED_VARIABLE = YES;
				MACOSX_DEPLOYMENT_TARGET = 10.9;
				MTL_ENABLE_DEBUG_INFO = YES;
				ONLY_ACTIVE_ARCH = YES;
				SDKROOT = macosx;
			};
			name = Debug;
		};
		028E82FE19F33D3E00D3E406 /* Release */ = {
			isa = XCBuildConfiguration;
			buildSettings = {
				ALWAYS_SEARCH_USER_PATHS = NO;
				CLANG_CXX_LANGUAGE_STANDARD = "gnu++0x";
				CLANG_CXX_LIBRARY = "libc++";
				CLANG_ENABLE_MODULES = YES;
				CLANG_ENABLE_OBJC_ARC = YES;
				CLANG_WARN_BOOL_CONVERSION = YES;
				CLANG_WARN_CONSTANT_CONVERSION = YES;
				CLANG_WARN_DIRECT_OBJC_ISA_USAGE = YES_ERROR;
				CLANG_WARN_EMPTY_BODY = YES;
				CLANG_WARN_ENUM_CONVERSION = YES;
				CLANG_WARN_INT_CONVERSION = YES;
				CLANG_WARN_OBJC_ROOT_CLASS = YES_ERROR;
				CLANG_WARN_UNREACHABLE_CODE = YES;
				CLANG_WARN__DUPLICATE_METHOD_MATCH = YES;
				COPY_PHASE_STRIP = YES;
				DEBUG_INFORMATION_FORMAT = "dwarf-with-dsym";
				ENABLE_NS_ASSERTIONS = NO;
				ENABLE_STRICT_OBJC_MSGSEND = YES;
				GCC_C_LANGUAGE_STANDARD = gnu99;
				GCC_WARN_64_TO_32_BIT_CONVERSION = YES;
				GCC_WARN_ABOUT_RETURN_TYPE = YES_ERROR;
				GCC_WARN_UNDECLARED_SELECTOR = YES;
				GCC_WARN_UNINITIALIZED_AUTOS = YES_AGGRESSIVE;
				GCC_WARN_UNUSED_FUNCTION = YES;
				GCC_WARN_UNUSED_VARIABLE = YES;
				MACOSX_DEPLOYMENT_TARGET = 10.9;
				MTL_ENABLE_DEBUG_INFO = NO;
				SDKROOT = macosx;
			};
			name = Release;
		};
		028E830019F33D3E00D3E406 /* Debug */ = {
			isa = XCBuildConfiguration;
			buildSettings = {
				PRODUCT_NAME = "$(TARGET_NAME)";
			};
			name = Debug;
		};
		028E830119F33D3E00D3E406 /* Release */ = {
			isa = XCBuildConfiguration;
			buildSettings = {
				PRODUCT_NAME = "$(TARGET_NAME)";
			};
			name = Release;
		};
/* End XCBuildConfiguration section */

/* Begin XCConfigurationList section */
		028E82F319F33D3E00D3E406 /* Build configuration list for PBXProject "Lab03_Final" */ = {
			isa = XCConfigurationList;
			buildConfigurations = (
				028E82FD19F33D3E00D3E406 /* Debug */,
				028E82FE19F33D3E00D3E406 /* Release */,
			);
			defaultConfigurationIsVisible = 0;
			defaultConfigurationName = Release;
		};
		028E82FF19F33D3E00D3E406 /* Build configuration list for PBXNativeTarget "Lab03_Final" */ = {
			isa = XCConfigurationList;
			buildConfigurations = (
				028E830019F33D3E00D3E406 /* Debug */,
				028E830119F33D3E00D3E406 /* Release */,
			);
			defaultConfigurationIsVisible = 0;
		};
/* End XCConfigurationList section */
	};
	rootObject = 028E82F019F33D3E00D3E406 /* Project object */;
}
